{
  "name": "Hackathon",
  "lockfileVersion": 3,
  "requires": true,
  "packages": {
    "": {
      "dependencies": {
        "agora-rtc-sdk-ng": "^4.22.0"
      }
    },
    "node_modules/@agora-js/media": {
      "version": "4.22.0",
      "resolved": "https://registry.npmjs.org/@agora-js/media/-/media-4.22.0.tgz",
      "integrity": "sha512-6IYuzm6lUQ0xmkg70z+zc4GHSu+VdnuQvq8x12GnYKcKAUf13s3h6EMy68DLG4AjLU0c/bN2uNDt74u9Zwc7vQ==",
      "dependencies": {
        "@agora-js/report": "4.22.0",
        "@agora-js/shared": "4.22.0",
        "agora-rte-extension": "^1.2.4",
        "axios": "^1.6.8",
        "webrtc-adapter": "8.2.0"
      }
    },
    "node_modules/@agora-js/report": {
      "version": "4.22.0",
      "resolved": "https://registry.npmjs.org/@agora-js/report/-/report-4.22.0.tgz",
      "integrity": "sha512-6LfrvRw9O97R1FP00vdPfS4hCjA8WMEllN7JDxTBnfPDaS+XHgu+ewcTkpSnhFVQG2pM45lwuE0G9F0RKLF5Jw==",
      "dependencies": {
        "@agora-js/shared": "4.22.0",
        "axios": "^1.6.8"
      }
    },
    "node_modules/@agora-js/shared": {
      "version": "4.22.0",
      "resolved": "https://registry.npmjs.org/@agora-js/shared/-/shared-4.22.0.tgz",
      "integrity": "sha512-taKwc0AqbwCHHJL/2VafRQ7thgOYC1c6tiRweL1X3QpfBjJdXYVjc9jn2zY9NAZO4l4+5f1S9t988d1536XPtQ==",
      "dependencies": {
        "axios": "^1.6.8",
        "ua-parser-js": "^0.7.34"
      }
    },
    "node_modules/agora-rtc-sdk-ng": {
      "version": "4.22.0",
      "resolved": "https://registry.npmjs.org/agora-rtc-sdk-ng/-/agora-rtc-sdk-ng-4.22.0.tgz",
      "integrity": "sha512-mP6BDNP6oV01IQV7yXZ4wIuwDpoHaK6ARiDVKDaD+fK3LXXWqUtCweZLwzTde+OYkauPEsivqNbkAp/q6Ggqtg==",
      "dependencies": {
        "@agora-js/media": "4.22.0",
        "@agora-js/report": "4.22.0",
        "@agora-js/shared": "4.22.0",
        "agora-rte-extension": "^1.2.4",
        "axios": "^1.6.8",
        "formdata-polyfill": "^4.0.7",
        "pako": "^2.1.0",
        "ua-parser-js": "^0.7.34",
        "webrtc-adapter": "8.2.0"
      }
    },
    "node_modules/agora-rte-extension": {
      "version": "1.2.4",
      "resolved": "https://registry.npmjs.org/agora-rte-extension/-/agora-rte-extension-1.2.4.tgz",
      "integrity": "sha512-0ovZz1lbe30QraG1cU+ji7EnQ8aUu+Hf3F+a8xPml3wPOyUQEK6CTdxV9kMecr9t+fIDrGeW7wgJTsM1DQE7Nw=="
    },
    "node_modules/asynckit": {
      "version": "0.4.0",
      "resolved": "https://registry.npmjs.org/asynckit/-/asynckit-0.4.0.tgz",
      "integrity": "sha512-Oei9OH4tRh0YqU3GxhX79dM/mwVgvbZJaSNaRk+bshkj0S5cfHcgYakreBjrHwatXKbz+IoIdYLxrKim2MjW0Q=="
    },
    "node_modules/axios": {
      "version": "1.7.7",
      "resolved": "https://registry.npmjs.org/axios/-/axios-1.7.7.tgz",
      "integrity": "sha512-S4kL7XrjgBmvdGut0sN3yJxqYzrDOnivkBiN0OFs6hLiUam3UPvswUo0kqGyhqUZGEOytHyumEdXsAkgCOUf3Q==",
      "dependencies": {
        "follow-redirects": "^1.15.6",
        "form-data": "^4.0.0",
        "proxy-from-env": "^1.1.0"
      }
    },
    "node_modules/combined-stream": {
      "version": "1.0.8",
      "resolved": "https://registry.npmjs.org/combined-stream/-/combined-stream-1.0.8.tgz",
      "integrity": "sha512-FQN4MRfuJeHf7cBbBMJFXhKSDq+2kAArBlmRBvcvFE5BB1HZKXtSFASDhdlz9zOYwxh8lDdnvmMOe/+5cdoEdg==",
      "dependencies": {
        "delayed-stream": "~1.0.0"
      },
      "engines": {
        "node": ">= 0.8"
      }
    },
    "node_modules/delayed-stream": {
      "version": "1.0.0",
      "resolved": "https://registry.npmjs.org/delayed-stream/-/delayed-stream-1.0.0.tgz",
      "integrity": "sha512-ZySD7Nf91aLB0RxL4KGrKHBXl7Eds1DAmEdcoVawXnLD7SDhpNgtuII2aAkg7a7QS41jxPSZ17p4VdGnMHk3MQ==",
      "engines": {
        "node": ">=0.4.0"
      }
    },
    "node_modules/fetch-blob": {
      "version": "3.2.0",
      "resolved": "https://registry.npmjs.org/fetch-blob/-/fetch-blob-3.2.0.tgz",
      "integrity": "sha512-7yAQpD2UMJzLi1Dqv7qFYnPbaPx7ZfFK6PiIxQ4PfkGPyNyl2Ugx+a/umUonmKqjhM4DnfbMvdX6otXq83soQQ==",
      "funding": [
        {
          "type": "github",
          "url": "https://github.com/sponsors/jimmywarting"
        },
        {
          "type": "paypal",
          "url": "https://paypal.me/jimmywarting"
        }
      ],
      "dependencies": {
        "node-domexception": "^1.0.0",
        "web-streams-polyfill": "^3.0.3"
      },
      "engines": {
        "node": "^12.20 || >= 14.13"
      }
    },
    "node_modules/follow-redirects": {
      "version": "1.15.6",
      "resolved": "https://registry.npmjs.org/follow-redirects/-/follow-redirects-1.15.6.tgz",
      "integrity": "sha512-wWN62YITEaOpSK584EZXJafH1AGpO8RVgElfkuXbTOrPX4fIfOyEpW/CsiNd8JdYrAoOvafRTOEnvsO++qCqFA==",
      "funding": [
        {
          "type": "individual",
          "url": "https://github.com/sponsors/RubenVerborgh"
        }
      ],
      "engines": {
        "node": ">=4.0"
      },
      "peerDependenciesMeta": {
        "debug": {
          "optional": true
        }
      }
    },
    "node_modules/form-data": {
      "version": "4.0.0",
      "resolved": "https://registry.npmjs.org/form-data/-/form-data-4.0.0.tgz",
      "integrity": "sha512-ETEklSGi5t0QMZuiXoA/Q6vcnxcLQP5vdugSpuAyi6SVGi2clPPp+xgEhuMaHC+zGgn31Kd235W35f7Hykkaww==",
      "dependencies": {
        "asynckit": "^0.4.0",
        "combined-stream": "^1.0.8",
        "mime-types": "^2.1.12"
      },
      "engines": {
        "node": ">= 6"
      }
    },
    "node_modules/formdata-polyfill": {
      "version": "4.0.10",
      "resolved": "https://registry.npmjs.org/formdata-polyfill/-/formdata-polyfill-4.0.10.tgz",
      "integrity": "sha512-buewHzMvYL29jdeQTVILecSaZKnt/RJWjoZCF5OW60Z67/GmSLBkOFM7qh1PI3zFNtJbaZL5eQu1vLfazOwj4g==",
      "dependencies": {
        "fetch-blob": "^3.1.2"
      },
      "engines": {
        "node": ">=12.20.0"
      }
    },
    "node_modules/mime-db": {
      "version": "1.52.0",
      "resolved": "https://registry.npmjs.org/mime-db/-/mime-db-1.52.0.tgz",
      "integrity": "sha512-sPU4uV7dYlvtWJxwwxHD0PuihVNiE7TyAbQ5SWxDCB9mUYvOgroQOwYQQOKPJ8CIbE+1ETVlOoK1UC2nU3gYvg==",
      "engines": {
        "node": ">= 0.6"
      }
    },
    "node_modules/mime-types": {
      "version": "2.1.35",
      "resolved": "https://registry.npmjs.org/mime-types/-/mime-types-2.1.35.tgz",
      "integrity": "sha512-ZDY+bPm5zTTF+YpCrAU9nK0UgICYPT0QtT1NZWFv4s++TNkcgVaT0g6+4R2uI4MjQjzysHB1zxuWL50hzaeXiw==",
      "dependencies": {
        "mime-db": "1.52.0"
      },
      "engines": {
        "node": ">= 0.6"
      }
    },
    "node_modules/node-domexception": {
      "version": "1.0.0",
      "resolved": "https://registry.npmjs.org/node-domexception/-/node-domexception-1.0.0.tgz",
      "integrity": "sha512-/jKZoMpw0F8GRwl4/eLROPA3cfcXtLApP0QzLmUT/HuPCZWyB7IY9ZrMeKw2O/nFIqPQB3PVM9aYm0F312AXDQ==",
      "funding": [
        {
          "type": "github",
          "url": "https://github.com/sponsors/jimmywarting"
        },
        {
          "type": "github",
          "url": "https://paypal.me/jimmywarting"
        }
      ],
      "engines": {
        "node": ">=10.5.0"
      }
    },
    "node_modules/pako": {
      "version": "2.1.0",
      "resolved": "https://registry.npmjs.org/pako/-/pako-2.1.0.tgz",
      "integrity": "sha512-w+eufiZ1WuJYgPXbV/PO3NCMEc3xqylkKHzp8bxp1uW4qaSNQUkwmLLEc3kKsfz8lpV1F8Ht3U1Cm+9Srog2ug=="
    },
    "node_modules/proxy-from-env": {
      "version": "1.1.0",
      "resolved": "https://registry.npmjs.org/proxy-from-env/-/proxy-from-env-1.1.0.tgz",
      "integrity": "sha512-D+zkORCbA9f1tdWRK0RaCR3GPv50cMxcrz4X8k5LTSUD1Dkw47mKJEZQNunItRTkWwgtaUSo1RVFRIG9ZXiFYg=="
    },
    "node_modules/sdp": {
      "version": "3.2.0",
      "resolved": "https://registry.npmjs.org/sdp/-/sdp-3.2.0.tgz",
      "integrity": "sha512-d7wDPgDV3DDiqulJjKiV2865wKsJ34YI+NDREbm+FySq6WuKOikwyNQcm+doLAZ1O6ltdO0SeKle2xMpN3Brgw=="
    },
    "node_modules/ua-parser-js": {
      "version": "0.7.38",
      "resolved": "https://registry.npmjs.org/ua-parser-js/-/ua-parser-js-0.7.38.tgz",
      "integrity": "sha512-fYmIy7fKTSFAhG3fuPlubeGaMoAd6r0rSnfEsO5nEY55i26KSLt9EH7PLQiiqPUhNqYIJvSkTy1oArIcXAbPbA==",
      "funding": [
        {
          "type": "opencollective",
          "url": "https://opencollective.com/ua-parser-js"
        },
        {
          "type": "paypal",
          "url": "https://paypal.me/faisalman"
        },
        {
          "type": "github",
          "url": "https://github.com/sponsors/faisalman"
        }
      ],
      "engines": {
        "node": "*"
      }
    },
    "node_modules/web-streams-polyfill": {
      "version": "3.3.3",
      "resolved": "https://registry.npmjs.org/web-streams-polyfill/-/web-streams-polyfill-3.3.3.tgz",
      "integrity": "sha512-d2JWLCivmZYTSIoge9MsgFCZrt571BikcWGYkjC1khllbTeDlGqZ2D8vD8E/lJa8WGWbb7Plm8/XJYV7IJHZZw==",
      "engines": {
        "node": ">= 8"
      }
    },
    "node_modules/webrtc-adapter": {
      "version": "8.2.0",
      "resolved": "https://registry.npmjs.org/webrtc-adapter/-/webrtc-adapter-8.2.0.tgz",
      "integrity": "sha512-umxCMgedPAVq4Pe/jl3xmelLXLn4XZWFEMR5Iipb5wJ+k1xMX0yC4ZY9CueZUU1MjapFxai1tFGE7R/kotH6Ww==",
      "dependencies": {
        "sdp": "^3.0.2"
      },
      "engines": {
        "node": ">=6.0.0",
        "npm": ">=3.10.0"
      }
    }
  }
}
